github.com/wowchemy/wowchemy-hugo-modules/netlify-cms-academic v0.0.0-20201023171018-b2f2eb3c27b4 h1:63C/Me1GVDgJe+JA7ZQi34ZZAKf+Yla8RrDilItMG6k=
github.com/wowchemy/wowchemy-hugo-modules/netlify-cms-academic v0.0.0-20201023171018-b2f2eb3c27b4/go.mod h1:TU3QDPUdBSQnvDP5QVCwjAkBIdVMS/bKFA8jr3eI5AY=
github.com/wowchemy/wowchemy-hugo-modules/wowchemy v0.0.0-20210602222123-e9d82a242153 h1:eI1d7kxqenMyvyI8hWdd9/NMBNS4YBIxGTFEnhwoZ0Y=
github.com/wowchemy/wowchemy-hugo-modules/wowchemy v0.0.0-20210602222123-e9d82a242153/go.mod h1:H22qfH9qj3FWwsk7+bAZpmT24yRGNQURah2/IRwjbn8=
github.com/wowchemy/wowchemy-hugo-modules/wowchemy v0.0.0-20210619224513-b739d8d390b9 h1:ocik752/O3DrPapsRdCbcam4LBGUji87g7LqKJjzyJU=
github.com/wowchemy/wowchemy-hugo-modules/wowchemy v0.0.0-20210619224513-b739d8d390b9/go.mod h1:H22qfH9qj3FWwsk7+bAZpmT24yRGNQURah2/IRwjbn8=
